
Microsoft Visual Studio Solution File, Format Version 12.00
# Visual Studio 15
VisualStudioVersion = 15.0.33026.149
MinimumVisualStudioVersion = 10.0.40219.1
Project("{8BC9CEB8-8B4A-11D0-8D11-00A0C91BC942}") = "TraceService", "..\project\TraceService\TraceService.vcxproj", "{31A20724-A446-4552-9268-B5118977874E}"
EndProject
Project("{8BC9CEB8-8B4A-11D0-8D11-00A0C91BC942}") = "addTrace", "..\project\addTrace\addTrace.vcxproj", "{E9898827-4593-4975-A0A8-47BBBB987D92}"
EndProject
Project("{8BC9CEB8-8B4A-11D0-8D11-00A0C91BC942}") = "stopTrace", "..\project\stopTrace\stopTrace.vcxproj", "{3E2D6ABC-B2FD-4BB6-BA31-BB39B25E8278}"
EndProject
Global
	GlobalSection(SolutionConfigurationPlatforms) = preSolution
		Debug|x64 = Debug|x64
		Debug|x86 = Debug|x86
		Release|x64 = Release|x64
		Release|x86 = Release|x86
	EndGlobalSection
	GlobalSection(ProjectConfigurationPlatforms) = postSolution
		{31A20724-A446-4552-9268-B5118977874E}.Debug|x64.ActiveCfg = Debug|x64
		{31A20724-A446-4552-9268-B5118977874E}.Debug|x64.Build.0 = Debug|x64
		{31A20724-A446-4552-9268-B5118977874E}.Debug|x86.ActiveCfg = Debug|Win32
		{31A20724-A446-4552-9268-B5118977874E}.Debug|x86.Build.0 = Debug|Win32
		{31A20724-A446-4552-9268-B5118977874E}.Release|x64.ActiveCfg = Release|x64
		{31A20724-A446-4552-9268-B5118977874E}.Release|x64.Build.0 = Release|x64
		{31A20724-A446-4552-9268-B5118977874E}.Release|x86.ActiveCfg = Release|Win32
		{31A20724-A446-4552-9268-B5118977874E}.Release|x86.Build.0 = Release|Win32
		{E9898827-4593-4975-A0A8-47BBBB987D92}.Debug|x64.ActiveCfg = Debug|x64
		{E9898827-4593-4975-A0A8-47BBBB987D92}.Debug|x64.Build.0 = Debug|x64
		{E9898827-4593-4975-A0A8-47BBBB987D92}.Debug|x86.ActiveCfg = Debug|Win32
		{E9898827-4593-4975-A0A8-47BBBB987D92}.Debug|x86.Build.0 = Debug|Win32
		{E9898827-4593-4975-A0A8-47BBBB987D92}.Release|x64.ActiveCfg = Release|x64
		{E9898827-4593-4975-A0A8-47BBBB987D92}.Release|x64.Build.0 = Release|x64
		{E9898827-4593-4975-A0A8-47BBBB987D92}.Release|x86.ActiveCfg = Release|Win32
		{E9898827-4593-4975-A0A8-47BBBB987D92}.Release|x86.Build.0 = Release|Win32
		{3E2D6ABC-B2FD-4BB6-BA31-BB39B25E8278}.Debug|x64.ActiveCfg = Debug|x64
		{3E2D6ABC-B2FD-4BB6-BA31-BB39B25E8278}.Debug|x64.Build.0 = Debug|x64
		{3E2D6ABC-B2FD-4BB6-BA31-BB39B25E8278}.Debug|x86.ActiveCfg = Debug|Win32
		{3E2D6ABC-B2FD-4BB6-BA31-BB39B25E8278}.Debug|x86.Build.0 = Debug|Win32
		{3E2D6ABC-B2FD-4BB6-BA31-BB39B25E8278}.Release|x64.ActiveCfg = Release|x64
		{3E2D6ABC-B2FD-4BB6-BA31-BB39B25E8278}.Release|x64.Build.0 = Release|x64
		{3E2D6ABC-B2FD-4BB6-BA31-BB39B25E8278}.Release|x86.ActiveCfg = Release|Win32
		{3E2D6ABC-B2FD-4BB6-BA31-BB39B25E8278}.Release|x86.Build.0 = Release|Win32
	EndGlobalSection
	GlobalSection(SolutionProperties) = preSolution
		HideSolutionNode = FALSE
	EndGlobalSection
	GlobalSection(ExtensibilityGlobals) = postSolution
		SolutionGuid = {8780BBF5-2F9C-4B4E-B18C-96F48F0551EA}
	EndGlobalSection
EndGlobal
